
Microsoft Visual Studio Solution File, Format Version 12.00
# Visual Studio Version 16
VisualStudioVersion = 16.0.31112.23
MinimumVisualStudioVersion = 10.0.40219.1
Project("{FAE04EC0-301F-11D3-BF4B-00C04F79EFBC}") = "WpfCambioStile", "WpfCambioStile\WpfCambioStile.csproj", "{66EC3C9A-CAED-4BC9-A473-362F687BAD69}"
EndProject
Project("{2150E333-8FDC-42A3-9474-1A3956D46DE8}") = "Solution Items", "Solution Items", "{C2C0D646-8C4C-4EA7-8C1C-3117F0460BCB}"
	ProjectSection(SolutionItems) = preProject
		Readme.md = Readme.md
	EndProjectSection
EndProject
Global
	GlobalSection(SolutionConfigurationPlatforms) = preSolution
		Debug|Any CPU = Debug|Any CPU
		Release|Any CPU = Release|Any CPU
	EndGlobalSection
	GlobalSection(ProjectConfigurationPlatforms) = postSolution
		{66EC3C9A-CAED-4BC9-A473-362F687BAD69}.Debug|Any CPU.ActiveCfg = Debug|Any CPU
		{66EC3C9A-CAED-4BC9-A473-362F687BAD69}.Debug|Any CPU.Build.0 = Debug|Any CPU
		{66EC3C9A-CAED-4BC9-A473-362F687BAD69}.Release|Any CPU.ActiveCfg = Release|Any CPU
		{66EC3C9A-CAED-4BC9-A473-362F687BAD69}.Release|Any CPU.Build.0 = Release|Any CPU
	EndGlobalSection
	GlobalSection(SolutionProperties) = preSolution
		HideSolutionNode = FALSE
	EndGlobalSection
	GlobalSection(ExtensibilityGlobals) = postSolution
		SolutionGuid = {5D590296-07A6-49B8-A053-7DDC8076150D}
	EndGlobalSection
EndGlobal
